
Microsoft Visual Studio Solution File, Format Version 12.00
# Visual Studio Version 16
VisualStudioVersion = 16.0.32002.261
MinimumVisualStudioVersion = 10.0.40219.1
Project("{9A19103F-16F7-4668-BE54-9A1E7A4F7556}") = "Ucommerce.Umbraco11", "Ucommerce.Umbraco11\Ucommerce.Umbraco11.csproj", "{153B97D0-E65C-494C-91CE-2443B164EFA4}"
EndProject
Project("{FAE04EC0-301F-11D3-BF4B-00C04F79EFBC}") = "Ucommerce.Umbraco818", "Ucommerce.Umbraco818\Ucommerce.Umbraco818.csproj", "{D65A333D-47F0-4352-9179-03BF8CF5E201}"
EndProject
Global
	GlobalSection(SolutionConfigurationPlatforms) = preSolution
		Debug|Any CPU = Debug|Any CPU
		Release|Any CPU = Release|Any CPU
	EndGlobalSection
	GlobalSection(ProjectConfigurationPlatforms) = postSolution
		{153B97D0-E65C-494C-91CE-2443B164EFA4}.Debug|Any CPU.ActiveCfg = Debug|Any CPU
		{153B97D0-E65C-494C-91CE-2443B164EFA4}.Debug|Any CPU.Build.0 = Debug|Any CPU
		{153B97D0-E65C-494C-91CE-2443B164EFA4}.Release|Any CPU.ActiveCfg = Release|Any CPU
		{153B97D0-E65C-494C-91CE-2443B164EFA4}.Release|Any CPU.Build.0 = Release|Any CPU
		{D65A333D-47F0-4352-9179-03BF8CF5E201}.Debug|Any CPU.ActiveCfg = Debug|Any CPU
		{D65A333D-47F0-4352-9179-03BF8CF5E201}.Debug|Any CPU.Build.0 = Debug|Any CPU
		{D65A333D-47F0-4352-9179-03BF8CF5E201}.Release|Any CPU.ActiveCfg = Release|Any CPU
		{D65A333D-47F0-4352-9179-03BF8CF5E201}.Release|Any CPU.Build.0 = Release|Any CPU
	EndGlobalSection
	GlobalSection(SolutionProperties) = preSolution
		HideSolutionNode = FALSE
	EndGlobalSection
	GlobalSection(ExtensibilityGlobals) = postSolution
		SolutionGuid = {F9E66349-861A-4B91-94DF-3EE84CD361A8}
	EndGlobalSection
EndGlobal
